{
  "name": "symbioticlove-json-parser",
  "version": "1.0.0",
  "lockfileVersion": 3,
  "requires": true,
  "packages": {
    "": {
      "name": "symbioticlove-json-parser",
      "version": "1.0.0",
      "license": "ISC",
      "dependencies": {
        "symbioticlove-json-parser": "^1.0.0"
      }
    },
    "node_modules/symbioticlove-json-parser": {
      "version": "1.0.0",
      "resolved": "https://registry.npmjs.org/symbioticlove-json-parser/-/symbioticlove-json-parser-1.0.0.tgz",
      "integrity": "sha512-uZmj5vgQ7wamVHz8ieiCyyUJZR8mDsVEqLmqoXaOAWMFfJqQ+1gYVYptbwJnzUTWGL/I0tbiS0rEwUyWoeP8mg=="
    }
  }
}
